
Microsoft Visual Studio Solution File, Format Version 12.00
# Visual Studio Version 17
VisualStudioVersion = 17.2.32519.379
MinimumVisualStudioVersion = 10.0.40219.1
Project("{9A19103F-16F7-4668-BE54-9A1E7A4F7556}") = "IgnoreCycle", "SystemTextJsonExemple\IgnoreCycle.csproj", "{3F7A6E8D-DD57-4144-886C-3C06696E685E}"
EndProject
Project("{FAE04EC0-301F-11D3-BF4B-00C04F79EFBC}") = "DOMJsonExemple", "DOMJsonExemple\DOMJsonExemple.csproj", "{B4EE7F4D-7C0B-4EB4-8281-2CD5E35ADAA5}"
EndProject
Global
	GlobalSection(SolutionConfigurationPlatforms) = preSolution
		Debug|Any CPU = Debug|Any CPU
		Release|Any CPU = Release|Any CPU
	EndGlobalSection
	GlobalSection(ProjectConfigurationPlatforms) = postSolution
		{3F7A6E8D-DD57-4144-886C-3C06696E685E}.Debug|Any CPU.ActiveCfg = Debug|Any CPU
		{3F7A6E8D-DD57-4144-886C-3C06696E685E}.Debug|Any CPU.Build.0 = Debug|Any CPU
		{3F7A6E8D-DD57-4144-886C-3C06696E685E}.Release|Any CPU.ActiveCfg = Release|Any CPU
		{3F7A6E8D-DD57-4144-886C-3C06696E685E}.Release|Any CPU.Build.0 = Release|Any CPU
		{B4EE7F4D-7C0B-4EB4-8281-2CD5E35ADAA5}.Debug|Any CPU.ActiveCfg = Debug|Any CPU
		{B4EE7F4D-7C0B-4EB4-8281-2CD5E35ADAA5}.Debug|Any CPU.Build.0 = Debug|Any CPU
		{B4EE7F4D-7C0B-4EB4-8281-2CD5E35ADAA5}.Release|Any CPU.ActiveCfg = Release|Any CPU
		{B4EE7F4D-7C0B-4EB4-8281-2CD5E35ADAA5}.Release|Any CPU.Build.0 = Release|Any CPU
	EndGlobalSection
	GlobalSection(SolutionProperties) = preSolution
		HideSolutionNode = FALSE
	EndGlobalSection
	GlobalSection(ExtensibilityGlobals) = postSolution
		SolutionGuid = {218CA6E9-C0DD-4CD5-A940-BCCBBAABF237}
	EndGlobalSection
EndGlobal
