
Microsoft Visual Studio Solution File, Format Version 12.00
# Visual Studio Version 17
VisualStudioVersion = 17.1.32421.90
MinimumVisualStudioVersion = 10.0.40219.1
Project("{FAE04EC0-301F-11D3-BF4B-00C04F79EFBC}") = "ExempleMVCDemo", "ExempleMVCDemo\ExempleMVCDemo.csproj", "{1E20AAB5-5BD2-46FE-915B-714936907011}"
EndProject
Global
	GlobalSection(SolutionConfigurationPlatforms) = preSolution
		Debug|Any CPU = Debug|Any CPU
		Release|Any CPU = Release|Any CPU
	EndGlobalSection
	GlobalSection(ProjectConfigurationPlatforms) = postSolution
		{1E20AAB5-5BD2-46FE-915B-714936907011}.Debug|Any CPU.ActiveCfg = Debug|Any CPU
		{1E20AAB5-5BD2-46FE-915B-714936907011}.Debug|Any CPU.Build.0 = Debug|Any CPU
		{1E20AAB5-5BD2-46FE-915B-714936907011}.Release|Any CPU.ActiveCfg = Release|Any CPU
		{1E20AAB5-5BD2-46FE-915B-714936907011}.Release|Any CPU.Build.0 = Release|Any CPU
	EndGlobalSection
	GlobalSection(SolutionProperties) = preSolution
		HideSolutionNode = FALSE
	EndGlobalSection
	GlobalSection(ExtensibilityGlobals) = postSolution
		SolutionGuid = {65AC02A1-F22B-4B65-A899-C93E0EA530AF}
	EndGlobalSection
EndGlobal
