
Microsoft Visual Studio Solution File, Format Version 12.00
# Visual Studio Version 17
VisualStudioVersion = 17.1.32421.90
MinimumVisualStudioVersion = 10.0.40219.1
Project("{FAE04EC0-301F-11D3-BF4B-00C04F79EFBC}") = "EvaluationProduit.MVC", "EvaluationProduit.MVC\EvaluationProduit.MVC.csproj", "{B33F0BEF-000B-44C1-A7A7-383B38372540}"
EndProject
Global
	GlobalSection(SolutionConfigurationPlatforms) = preSolution
		Debug|Any CPU = Debug|Any CPU
		Release|Any CPU = Release|Any CPU
	EndGlobalSection
	GlobalSection(ProjectConfigurationPlatforms) = postSolution
		{B33F0BEF-000B-44C1-A7A7-383B38372540}.Debug|Any CPU.ActiveCfg = Debug|Any CPU
		{B33F0BEF-000B-44C1-A7A7-383B38372540}.Debug|Any CPU.Build.0 = Debug|Any CPU
		{B33F0BEF-000B-44C1-A7A7-383B38372540}.Release|Any CPU.ActiveCfg = Release|Any CPU
		{B33F0BEF-000B-44C1-A7A7-383B38372540}.Release|Any CPU.Build.0 = Release|Any CPU
	EndGlobalSection
	GlobalSection(SolutionProperties) = preSolution
		HideSolutionNode = FALSE
	EndGlobalSection
	GlobalSection(ExtensibilityGlobals) = postSolution
		SolutionGuid = {5C81423C-1769-4E15-B9F3-07065D0F6A92}
	EndGlobalSection
EndGlobal
